// !$*UTF8*$!
{
	archiveVersion = 1;
	classes = {
	};
	objectVersion = 55;
	objects = {

/* Begin PBXBuildFile section */
		AD865B25135767A1E5355458 /* Pods_Spotify_clone.framework in Frameworks */ = {isa = PBXBuildFile; fileRef = 5E33A7AD6439E47BC9ADB26F /* Pods_Spotify_clone.framework */; };
		FE125E1D27DF7A5100034659 /* NewReleasesCellViewModel.swift in Sources */ = {isa = PBXBuildFile; fileRef = FE125E1C27DF7A5100034659 /* NewReleasesCellViewModel.swift */; };
		FE37007327D9D45B008F5FB5 /* AppDelegate.swift in Sources */ = {isa = PBXBuildFile; fileRef = FE37007227D9D45B008F5FB5 /* AppDelegate.swift */; };
		FE37007527D9D45B008F5FB5 /* SceneDelegate.swift in Sources */ = {isa = PBXBuildFile; fileRef = FE37007427D9D45B008F5FB5 /* SceneDelegate.swift */; };
		FE37007727D9D45B008F5FB5 /* HomeViewController.swift in Sources */ = {isa = PBXBuildFile; fileRef = FE37007627D9D45B008F5FB5 /* HomeViewController.swift */; };
		FE37007C27D9D45C008F5FB5 /* Assets.xcassets in Resources */ = {isa = PBXBuildFile; fileRef = FE37007B27D9D45C008F5FB5 /* Assets.xcassets */; };
		FE37007F27D9D45C008F5FB5 /* LaunchScreen.storyboard in Resources */ = {isa = PBXBuildFile; fileRef = FE37007D27D9D45C008F5FB5 /* LaunchScreen.storyboard */; };
		FE37008D27D9D746008F5FB5 /* TabBarViewController.swift in Sources */ = {isa = PBXBuildFile; fileRef = FE37008C27D9D746008F5FB5 /* TabBarViewController.swift */; };
		FE37008F27D9D7FE008F5FB5 /* SearchViewController.swift in Sources */ = {isa = PBXBuildFile; fileRef = FE37008E27D9D7FE008F5FB5 /* SearchViewController.swift */; };
		FE37009127D9D815008F5FB5 /* LibraryViewController.swift in Sources */ = {isa = PBXBuildFile; fileRef = FE37009027D9D815008F5FB5 /* LibraryViewController.swift */; };
		FE37009527D9D83E008F5FB5 /* AuthViewController.swift in Sources */ = {isa = PBXBuildFile; fileRef = FE37009427D9D83E008F5FB5 /* AuthViewController.swift */; };
		FE37009727D9D84F008F5FB5 /* WelcomeViewController.swift in Sources */ = {isa = PBXBuildFile; fileRef = FE37009627D9D84F008F5FB5 /* WelcomeViewController.swift */; };
		FE37009927D9D85D008F5FB5 /* SettingsViewController.swift in Sources */ = {isa = PBXBuildFile; fileRef = FE37009827D9D85D008F5FB5 /* SettingsViewController.swift */; };
		FE37009B27D9D876008F5FB5 /* ProfileViewController.swift in Sources */ = {isa = PBXBuildFile; fileRef = FE37009A27D9D876008F5FB5 /* ProfileViewController.swift */; };
		FE37009D27D9D880008F5FB5 /* PlayerViewController.swift in Sources */ = {isa = PBXBuildFile; fileRef = FE37009C27D9D880008F5FB5 /* PlayerViewController.swift */; };
		FE37009F27D9D89D008F5FB5 /* PlaylistViewController.swift in Sources */ = {isa = PBXBuildFile; fileRef = FE37009E27D9D89D008F5FB5 /* PlaylistViewController.swift */; };
		FE3700A127D9D8B1008F5FB5 /* SearchResultViewController.swift in Sources */ = {isa = PBXBuildFile; fileRef = FE3700A027D9D8B1008F5FB5 /* SearchResultViewController.swift */; };
		FE3700A327D9D8D3008F5FB5 /* AuthManager.swift in Sources */ = {isa = PBXBuildFile; fileRef = FE3700A227D9D8D3008F5FB5 /* AuthManager.swift */; };
		FE3700A527D9D8E4008F5FB5 /* APICaller.swift in Sources */ = {isa = PBXBuildFile; fileRef = FE3700A427D9D8E4008F5FB5 /* APICaller.swift */; };
		FE3700A727D9D8F7008F5FB5 /* HapticsManager.swift in Sources */ = {isa = PBXBuildFile; fileRef = FE3700A627D9D8F7008F5FB5 /* HapticsManager.swift */; };
		FE3700A927D9D917008F5FB5 /* Playlist.swift in Sources */ = {isa = PBXBuildFile; fileRef = FE3700A827D9D917008F5FB5 /* Playlist.swift */; };
		FE3700AB27D9D923008F5FB5 /* AudioTrack.swift in Sources */ = {isa = PBXBuildFile; fileRef = FE3700AA27D9D923008F5FB5 /* AudioTrack.swift */; };
		FE3700AD27D9D92C008F5FB5 /* Artist.swift in Sources */ = {isa = PBXBuildFile; fileRef = FE3700AC27D9D92C008F5FB5 /* Artist.swift */; };
		FE3700AF27D9D93A008F5FB5 /* UserProfile.swift in Sources */ = {isa = PBXBuildFile; fileRef = FE3700AE27D9D93A008F5FB5 /* UserProfile.swift */; };
		FE3700B127DA245B008F5FB5 /* Extensions.swift in Sources */ = {isa = PBXBuildFile; fileRef = FE3700B027DA245B008F5FB5 /* Extensions.swift */; };
		FE3700B327DB10EB008F5FB5 /* AuthResponse.swift in Sources */ = {isa = PBXBuildFile; fileRef = FE3700B227DB10EB008F5FB5 /* AuthResponse.swift */; };
		FE3700B527DB98F2008F5FB5 /* SettingsModels.swift in Sources */ = {isa = PBXBuildFile; fileRef = FE3700B427DB98F2008F5FB5 /* SettingsModels.swift */; };
		FE4DD59927DDD0320074F81E /* NewReleaseCollectionViewCell.swift in Sources */ = {isa = PBXBuildFile; fileRef = FE4DD59827DDD0320074F81E /* NewReleaseCollectionViewCell.swift */; };
		FE4DD59B27DDD0500074F81E /* FeaturedPlaylistCollectionViewCell.swift in Sources */ = {isa = PBXBuildFile; fileRef = FE4DD59A27DDD0500074F81E /* FeaturedPlaylistCollectionViewCell.swift */; };
		FE4DD59D27DDD06B0074F81E /* RecommendedTrackCollectionViewCell.swift in Sources */ = {isa = PBXBuildFile; fileRef = FE4DD59C27DDD06B0074F81E /* RecommendedTrackCollectionViewCell.swift */; };
		FEF15E3627DCB9A00025D2EB /* NewReleasesReponse.swift in Sources */ = {isa = PBXBuildFile; fileRef = FEF15E3527DCB9A00025D2EB /* NewReleasesReponse.swift */; };
		FEF15E3827DCBAAD0025D2EB /* APIImage.swift in Sources */ = {isa = PBXBuildFile; fileRef = FEF15E3727DCBAAD0025D2EB /* APIImage.swift */; };
		FEF15E3A27DCBDDE0025D2EB /* FeaturedPlaylistsResponse.swift in Sources */ = {isa = PBXBuildFile; fileRef = FEF15E3927DCBDDE0025D2EB /* FeaturedPlaylistsResponse.swift */; };
		FEF15E3C27DCC3650025D2EB /* RecommendedGenresResponse.swift in Sources */ = {isa = PBXBuildFile; fileRef = FEF15E3B27DCC3650025D2EB /* RecommendedGenresResponse.swift */; };
		FEF15E3E27DCE2AD0025D2EB /* RecommendationsResponse.swift in Sources */ = {isa = PBXBuildFile; fileRef = FEF15E3D27DCE2AD0025D2EB /* RecommendationsResponse.swift */; };
/* End PBXBuildFile section */

/* Begin PBXFileReference section */
		4157028453085753D391B0AE /* Pods-Spotify_clone.debug.xcconfig */ = {isa = PBXFileReference; includeInIndex = 1; lastKnownFileType = text.xcconfig; name = "Pods-Spotify_clone.debug.xcconfig"; path = "Target Support Files/Pods-Spotify_clone/Pods-Spotify_clone.debug.xcconfig"; sourceTree = "<group>"; };
		4610F18FBBA37B7687FE5489 /* Pods-Spotify_clone.release.xcconfig */ = {isa = PBXFileReference; includeInIndex = 1; lastKnownFileType = text.xcconfig; name = "Pods-Spotify_clone.release.xcconfig"; path = "Target Support Files/Pods-Spotify_clone/Pods-Spotify_clone.release.xcconfig"; sourceTree = "<group>"; };
		5E33A7AD6439E47BC9ADB26F /* Pods_Spotify_clone.framework */ = {isa = PBXFileReference; explicitFileType = wrapper.framework; includeInIndex = 0; path = Pods_Spotify_clone.framework; sourceTree = BUILT_PRODUCTS_DIR; };
		FE125E1C27DF7A5100034659 /* NewReleasesCellViewModel.swift */ = {isa = PBXFileReference; lastKnownFileType = sourcecode.swift; path = NewReleasesCellViewModel.swift; sourceTree = "<group>"; };
		FE37006F27D9D45B008F5FB5 /* Spotify_clone.app */ = {isa = PBXFileReference; explicitFileType = wrapper.application; includeInIndex = 0; path = Spotify_clone.app; sourceTree = BUILT_PRODUCTS_DIR; };
		FE37007227D9D45B008F5FB5 /* AppDelegate.swift */ = {isa = PBXFileReference; lastKnownFileType = sourcecode.swift; path = AppDelegate.swift; sourceTree = "<group>"; };
		FE37007427D9D45B008F5FB5 /* SceneDelegate.swift */ = {isa = PBXFileReference; lastKnownFileType = sourcecode.swift; path = SceneDelegate.swift; sourceTree = "<group>"; };
		FE37007627D9D45B008F5FB5 /* HomeViewController.swift */ = {isa = PBXFileReference; lastKnownFileType = sourcecode.swift; path = HomeViewController.swift; sourceTree = "<group>"; };
		FE37007B27D9D45C008F5FB5 /* Assets.xcassets */ = {isa = PBXFileReference; lastKnownFileType = folder.assetcatalog; path = Assets.xcassets; sourceTree = "<group>"; };
		FE37007E27D9D45C008F5FB5 /* Base */ = {isa = PBXFileReference; lastKnownFileType = file.storyboard; name = Base; path = Base.lproj/LaunchScreen.storyboard; sourceTree = "<group>"; };
		FE37008027D9D45C008F5FB5 /* Info.plist */ = {isa = PBXFileReference; lastKnownFileType = text.plist.xml; path = Info.plist; sourceTree = "<group>"; };
		FE37008C27D9D746008F5FB5 /* TabBarViewController.swift */ = {isa = PBXFileReference; lastKnownFileType = sourcecode.swift; path = TabBarViewController.swift; sourceTree = "<group>"; };
		FE37008E27D9D7FE008F5FB5 /* SearchViewController.swift */ = {isa = PBXFileReference; lastKnownFileType = sourcecode.swift; path = SearchViewController.swift; sourceTree = "<group>"; };
		FE37009027D9D815008F5FB5 /* LibraryViewController.swift */ = {isa = PBXFileReference; lastKnownFileType = sourcecode.swift; path = LibraryViewController.swift; sourceTree = "<group>"; };
		FE37009427D9D83E008F5FB5 /* AuthViewController.swift */ = {isa = PBXFileReference; lastKnownFileType = sourcecode.swift; path = AuthViewController.swift; sourceTree = "<group>"; };
		FE37009627D9D84F008F5FB5 /* WelcomeViewController.swift */ = {isa = PBXFileReference; lastKnownFileType = sourcecode.swift; path = WelcomeViewController.swift; sourceTree = "<group>"; };
		FE37009827D9D85D008F5FB5 /* SettingsViewController.swift */ = {isa = PBXFileReference; lastKnownFileType = sourcecode.swift; path = SettingsViewController.swift; sourceTree = "<group>"; };
		FE37009A27D9D876008F5FB5 /* ProfileViewController.swift */ = {isa = PBXFileReference; lastKnownFileType = sourcecode.swift; path = ProfileViewController.swift; sourceTree = "<group>"; };
		FE37009C27D9D880008F5FB5 /* PlayerViewController.swift */ = {isa = PBXFileReference; lastKnownFileType = sourcecode.swift; path = PlayerViewController.swift; sourceTree = "<group>"; };
		FE37009E27D9D89D008F5FB5 /* PlaylistViewController.swift */ = {isa = PBXFileReference; lastKnownFileType = sourcecode.swift; path = PlaylistViewController.swift; sourceTree = "<group>"; };
		FE3700A027D9D8B1008F5FB5 /* SearchResultViewController.swift */ = {isa = PBXFileReference; lastKnownFileType = sourcecode.swift; path = SearchResultViewController.swift; sourceTree = "<group>"; };
		FE3700A227D9D8D3008F5FB5 /* AuthManager.swift */ = {isa = PBXFileReference; lastKnownFileType = sourcecode.swift; path = AuthManager.swift; sourceTree = "<group>"; };
		FE3700A427D9D8E4008F5FB5 /* APICaller.swift */ = {isa = PBXFileReference; lastKnownFileType = sourcecode.swift; path = APICaller.swift; sourceTree = "<group>"; };
		FE3700A627D9D8F7008F5FB5 /* HapticsManager.swift */ = {isa = PBXFileReference; lastKnownFileType = sourcecode.swift; path = HapticsManager.swift; sourceTree = "<group>"; };
		FE3700A827D9D917008F5FB5 /* Playlist.swift */ = {isa = PBXFileReference; lastKnownFileType = sourcecode.swift; path = Playlist.swift; sourceTree = "<group>"; };
		FE3700AA27D9D923008F5FB5 /* AudioTrack.swift */ = {isa = PBXFileReference; lastKnownFileType = sourcecode.swift; path = AudioTrack.swift; sourceTree = "<group>"; };
		FE3700AC27D9D92C008F5FB5 /* Artist.swift */ = {isa = PBXFileReference; lastKnownFileType = sourcecode.swift; path = Artist.swift; sourceTree = "<group>"; };
		FE3700AE27D9D93A008F5FB5 /* UserProfile.swift */ = {isa = PBXFileReference; lastKnownFileType = sourcecode.swift; path = UserProfile.swift; sourceTree = "<group>"; };
		FE3700B027DA245B008F5FB5 /* Extensions.swift */ = {isa = PBXFileReference; lastKnownFileType = sourcecode.swift; path = Extensions.swift; sourceTree = "<group>"; };
		FE3700B227DB10EB008F5FB5 /* AuthResponse.swift */ = {isa = PBXFileReference; lastKnownFileType = sourcecode.swift; path = AuthResponse.swift; sourceTree = "<group>"; };
		FE3700B427DB98F2008F5FB5 /* SettingsModels.swift */ = {isa = PBXFileReference; lastKnownFileType = sourcecode.swift; path = SettingsModels.swift; sourceTree = "<group>"; };
		FE4DD59827DDD0320074F81E /* NewReleaseCollectionViewCell.swift */ = {isa = PBXFileReference; lastKnownFileType = sourcecode.swift; path = NewReleaseCollectionViewCell.swift; sourceTree = "<group>"; };
		FE4DD59A27DDD0500074F81E /* FeaturedPlaylistCollectionViewCell.swift */ = {isa = PBXFileReference; lastKnownFileType = sourcecode.swift; path = FeaturedPlaylistCollectionViewCell.swift; sourceTree = "<group>"; };
		FE4DD59C27DDD06B0074F81E /* RecommendedTrackCollectionViewCell.swift */ = {isa = PBXFileReference; lastKnownFileType = sourcecode.swift; path = RecommendedTrackCollectionViewCell.swift; sourceTree = "<group>"; };
		FEF15E3527DCB9A00025D2EB /* NewReleasesReponse.swift */ = {isa = PBXFileReference; lastKnownFileType = sourcecode.swift; path = NewReleasesReponse.swift; sourceTree = "<group>"; };
		FEF15E3727DCBAAD0025D2EB /* APIImage.swift */ = {isa = PBXFileReference; lastKnownFileType = sourcecode.swift; path = APIImage.swift; sourceTree = "<group>"; };
		FEF15E3927DCBDDE0025D2EB /* FeaturedPlaylistsResponse.swift */ = {isa = PBXFileReference; lastKnownFileType = sourcecode.swift; path = FeaturedPlaylistsResponse.swift; sourceTree = "<group>"; };
		FEF15E3B27DCC3650025D2EB /* RecommendedGenresResponse.swift */ = {isa = PBXFileReference; lastKnownFileType = sourcecode.swift; path = RecommendedGenresResponse.swift; sourceTree = "<group>"; };
		FEF15E3D27DCE2AD0025D2EB /* RecommendationsResponse.swift */ = {isa = PBXFileReference; lastKnownFileType = sourcecode.swift; path = RecommendationsResponse.swift; sourceTree = "<group>"; };
/* End PBXFileReference section */

/* Begin PBXFrameworksBuildPhase section */
		FE37006C27D9D45B008F5FB5 /* Frameworks */ = {
			isa = PBXFrameworksBuildPhase;
			buildActionMask = 2147483647;
			files = (
				AD865B25135767A1E5355458 /* Pods_Spotify_clone.framework in Frameworks */,
			);
			runOnlyForDeploymentPostprocessing = 0;
		};
/* End PBXFrameworksBuildPhase section */

/* Begin PBXGroup section */
		2995E5B4FC2009AEF4D64ECB /* Frameworks */ = {
			isa = PBXGroup;
			children = (
				5E33A7AD6439E47BC9ADB26F /* Pods_Spotify_clone.framework */,
			);
			name = Frameworks;
			sourceTree = "<group>";
		};
		EDE59C5954491EB6AA1292FE /* Pods */ = {
			isa = PBXGroup;
			children = (
				4157028453085753D391B0AE /* Pods-Spotify_clone.debug.xcconfig */,
				4610F18FBBA37B7687FE5489 /* Pods-Spotify_clone.release.xcconfig */,
			);
			path = Pods;
			sourceTree = "<group>";
		};
		FE37006627D9D45B008F5FB5 = {
			isa = PBXGroup;
			children = (
				FE37007127D9D45B008F5FB5 /* Spotify_clone */,
				FE37007027D9D45B008F5FB5 /* Products */,
				EDE59C5954491EB6AA1292FE /* Pods */,
				2995E5B4FC2009AEF4D64ECB /* Frameworks */,
			);
			sourceTree = "<group>";
		};
		FE37007027D9D45B008F5FB5 /* Products */ = {
			isa = PBXGroup;
			children = (
				FE37006F27D9D45B008F5FB5 /* Spotify_clone.app */,
			);
			name = Products;
			sourceTree = "<group>";
		};
		FE37007127D9D45B008F5FB5 /* Spotify_clone */ = {
			isa = PBXGroup;
			children = (
				FE37008B27D9D563008F5FB5 /* Resources */,
				FE37008A27D9D557008F5FB5 /* Managers */,
				FE37008927D9D54A008F5FB5 /* ViewModels */,
				FE37008827D9D53F008F5FB5 /* Models */,
				FE37008727D9D534008F5FB5 /* Views */,
				FE37008627D9D52B008F5FB5 /* Controllers */,
				FE37008027D9D45C008F5FB5 /* Info.plist */,
			);
			path = Spotify_clone;
			sourceTree = "<group>";
		};
		FE37008627D9D52B008F5FB5 /* Controllers */ = {
			isa = PBXGroup;
			children = (
				FE37009327D9D823008F5FB5 /* Other */,
				FE37009227D9D81B008F5FB5 /* Core */,
			);
			path = Controllers;
			sourceTree = "<group>";
		};
		FE37008727D9D534008F5FB5 /* Views */ = {
			isa = PBXGroup;
			children = (
				FE4DD59727DDD0160074F81E /* Browse */,
				FE37007D27D9D45C008F5FB5 /* LaunchScreen.storyboard */,
			);
			path = Views;
			sourceTree = "<group>";
		};
		FE37008827D9D53F008F5FB5 /* Models */ = {
			isa = PBXGroup;
			children = (
				FE3700A827D9D917008F5FB5 /* Playlist.swift */,
				FE3700AA27D9D923008F5FB5 /* AudioTrack.swift */,
				FE3700AC27D9D92C008F5FB5 /* Artist.swift */,
				FE3700AE27D9D93A008F5FB5 /* UserProfile.swift */,
				FE3700B227DB10EB008F5FB5 /* AuthResponse.swift */,
				FE3700B427DB98F2008F5FB5 /* SettingsModels.swift */,
				FEF15E3527DCB9A00025D2EB /* NewReleasesReponse.swift */,
				FEF15E3727DCBAAD0025D2EB /* APIImage.swift */,
				FEF15E3927DCBDDE0025D2EB /* FeaturedPlaylistsResponse.swift */,
				FEF15E3B27DCC3650025D2EB /* RecommendedGenresResponse.swift */,
				FEF15E3D27DCE2AD0025D2EB /* RecommendationsResponse.swift */,
			);
			path = Models;
			sourceTree = "<group>";
		};
		FE37008927D9D54A008F5FB5 /* ViewModels */ = {
			isa = PBXGroup;
			children = (
				FE125E1C27DF7A5100034659 /* NewReleasesCellViewModel.swift */,
			);
			path = ViewModels;
			sourceTree = "<group>";
		};
		FE37008A27D9D557008F5FB5 /* Managers */ = {
			isa = PBXGroup;
			children = (
				FE3700A227D9D8D3008F5FB5 /* AuthManager.swift */,
				FE3700A427D9D8E4008F5FB5 /* APICaller.swift */,
				FE3700A627D9D8F7008F5FB5 /* HapticsManager.swift */,
			);
			path = Managers;
			sourceTree = "<group>";
		};
		FE37008B27D9D563008F5FB5 /* Resources */ = {
			isa = PBXGroup;
			children = (
				FE37007B27D9D45C008F5FB5 /* Assets.xcassets */,
				FE37007227D9D45B008F5FB5 /* AppDelegate.swift */,
				FE37007427D9D45B008F5FB5 /* SceneDelegate.swift */,
				FE3700B027DA245B008F5FB5 /* Extensions.swift */,
			);
			path = Resources;
			sourceTree = "<group>";
		};
		FE37009227D9D81B008F5FB5 /* Core */ = {
			isa = PBXGroup;
			children = (
				FE37008C27D9D746008F5FB5 /* TabBarViewController.swift */,
				FE37007627D9D45B008F5FB5 /* HomeViewController.swift */,
				FE37008E27D9D7FE008F5FB5 /* SearchViewController.swift */,
				FE37009027D9D815008F5FB5 /* LibraryViewController.swift */,
			);
			path = Core;
			sourceTree = "<group>";
		};
		FE37009327D9D823008F5FB5 /* Other */ = {
			isa = PBXGroup;
			children = (
				FE37009427D9D83E008F5FB5 /* AuthViewController.swift */,
				FE37009627D9D84F008F5FB5 /* WelcomeViewController.swift */,
				FE37009827D9D85D008F5FB5 /* SettingsViewController.swift */,
				FE37009A27D9D876008F5FB5 /* ProfileViewController.swift */,
				FE37009C27D9D880008F5FB5 /* PlayerViewController.swift */,
				FE37009E27D9D89D008F5FB5 /* PlaylistViewController.swift */,
				FE3700A027D9D8B1008F5FB5 /* SearchResultViewController.swift */,
			);
			path = Other;
			sourceTree = "<group>";
		};
		FE4DD59727DDD0160074F81E /* Browse */ = {
			isa = PBXGroup;
			children = (
				FE4DD59827DDD0320074F81E /* NewReleaseCollectionViewCell.swift */,
				FE4DD59A27DDD0500074F81E /* FeaturedPlaylistCollectionViewCell.swift */,
				FE4DD59C27DDD06B0074F81E /* RecommendedTrackCollectionViewCell.swift */,
			);
			path = Browse;
			sourceTree = "<group>";
		};
/* End PBXGroup section */

/* Begin PBXNativeTarget section */
		FE37006E27D9D45B008F5FB5 /* Spotify_clone */ = {
			isa = PBXNativeTarget;
			buildConfigurationList = FE37008327D9D45C008F5FB5 /* Build configuration list for PBXNativeTarget "Spotify_clone" */;
			buildPhases = (
				9A5838FC51467DD4DE6923FE /* [CP] Check Pods Manifest.lock */,
				FE37006B27D9D45B008F5FB5 /* Sources */,
				FE37006C27D9D45B008F5FB5 /* Frameworks */,
				FE37006D27D9D45B008F5FB5 /* Resources */,
				31EA423D0F1A872E9588F290 /* [CP] Embed Pods Frameworks */,
			);
			buildRules = (
			);
			dependencies = (
			);
			name = Spotify_clone;
			productName = Spotify_clone;
			productReference = FE37006F27D9D45B008F5FB5 /* Spotify_clone.app */;
			productType = "com.apple.product-type.application";
		};
/* End PBXNativeTarget section */

/* Begin PBXProject section */
		FE37006727D9D45B008F5FB5 /* Project object */ = {
			isa = PBXProject;
			attributes = {
				BuildIndependentTargetsInParallel = 1;
				LastSwiftUpdateCheck = 1300;
				LastUpgradeCheck = 1300;
				TargetAttributes = {
					FE37006E27D9D45B008F5FB5 = {
						CreatedOnToolsVersion = 13.0;
					};
				};
			};
			buildConfigurationList = FE37006A27D9D45B008F5FB5 /* Build configuration list for PBXProject "Spotify_clone" */;
			compatibilityVersion = "Xcode 13.0";
			developmentRegion = en;
			hasScannedForEncodings = 0;
			knownRegions = (
				en,
				Base,
			);
			mainGroup = FE37006627D9D45B008F5FB5;
			productRefGroup = FE37007027D9D45B008F5FB5 /* Products */;
			projectDirPath = "";
			projectRoot = "";
			targets = (
				FE37006E27D9D45B008F5FB5 /* Spotify_clone */,
			);
		};
/* End PBXProject section */

/* Begin PBXResourcesBuildPhase section */
		FE37006D27D9D45B008F5FB5 /* Resources */ = {
			isa = PBXResourcesBuildPhase;
			buildActionMask = 2147483647;
			files = (
				FE37007F27D9D45C008F5FB5 /* LaunchScreen.storyboard in Resources */,
				FE37007C27D9D45C008F5FB5 /* Assets.xcassets in Resources */,
			);
			runOnlyForDeploymentPostprocessing = 0;
		};
/* End PBXResourcesBuildPhase section */

/* Begin PBXShellScriptBuildPhase section */
		31EA423D0F1A872E9588F290 /* [CP] Embed Pods Frameworks */ = {
			isa = PBXShellScriptBuildPhase;
			buildActionMask = 2147483647;
			files = (
			);
			inputFileListPaths = (
				"${PODS_ROOT}/Target Support Files/Pods-Spotify_clone/Pods-Spotify_clone-frameworks-${CONFIGURATION}-input-files.xcfilelist",
			);
			name = "[CP] Embed Pods Frameworks";
			outputFileListPaths = (
				"${PODS_ROOT}/Target Support Files/Pods-Spotify_clone/Pods-Spotify_clone-frameworks-${CONFIGURATION}-output-files.xcfilelist",
			);
			runOnlyForDeploymentPostprocessing = 0;
			shellPath = /bin/sh;
			shellScript = "\"${PODS_ROOT}/Target Support Files/Pods-Spotify_clone/Pods-Spotify_clone-frameworks.sh\"\n";
			showEnvVarsInLog = 0;
		};
		9A5838FC51467DD4DE6923FE /* [CP] Check Pods Manifest.lock */ = {
			isa = PBXShellScriptBuildPhase;
			buildActionMask = 2147483647;
			files = (
			);
			inputFileListPaths = (
			);
			inputPaths = (
				"${PODS_PODFILE_DIR_PATH}/Podfile.lock",
				"${PODS_ROOT}/Manifest.lock",
			);
			name = "[CP] Check Pods Manifest.lock";
			outputFileListPaths = (
			);
			outputPaths = (
				"$(DERIVED_FILE_DIR)/Pods-Spotify_clone-checkManifestLockResult.txt",
			);
			runOnlyForDeploymentPostprocessing = 0;
			shellPath = /bin/sh;
			shellScript = "diff \"${PODS_PODFILE_DIR_PATH}/Podfile.lock\" \"${PODS_ROOT}/Manifest.lock\" > /dev/null\nif [ $? != 0 ] ; then\n    # print error to STDERR\n    echo \"error: The sandbox is not in sync with the Podfile.lock. Run 'pod install' or update your CocoaPods installation.\" >&2\n    exit 1\nfi\n# This output is used by Xcode 'outputs' to avoid re-running this script phase.\necho \"SUCCESS\" > \"${SCRIPT_OUTPUT_FILE_0}\"\n";
			showEnvVarsInLog = 0;
		};
/* End PBXShellScriptBuildPhase section */

/* Begin PBXSourcesBuildPhase section */
		FE37006B27D9D45B008F5FB5 /* Sources */ = {
			isa = PBXSourcesBuildPhase;
			buildActionMask = 2147483647;
			files = (
				FE37008F27D9D7FE008F5FB5 /* SearchViewController.swift in Sources */,
				FE3700A927D9D917008F5FB5 /* Playlist.swift in Sources */,
				FE3700A327D9D8D3008F5FB5 /* AuthManager.swift in Sources */,
				FE125E1D27DF7A5100034659 /* NewReleasesCellViewModel.swift in Sources */,
				FE37009727D9D84F008F5FB5 /* WelcomeViewController.swift in Sources */,
				FE37009B27D9D876008F5FB5 /* ProfileViewController.swift in Sources */,
				FEF15E3627DCB9A00025D2EB /* NewReleasesReponse.swift in Sources */,
				FE37008D27D9D746008F5FB5 /* TabBarViewController.swift in Sources */,
				FE37007727D9D45B008F5FB5 /* HomeViewController.swift in Sources */,
				FE3700A727D9D8F7008F5FB5 /* HapticsManager.swift in Sources */,
				FE3700B327DB10EB008F5FB5 /* AuthResponse.swift in Sources */,
				FEF15E3827DCBAAD0025D2EB /* APIImage.swift in Sources */,
				FEF15E3E27DCE2AD0025D2EB /* RecommendationsResponse.swift in Sources */,
				FE3700AB27D9D923008F5FB5 /* AudioTrack.swift in Sources */,
				FE3700B127DA245B008F5FB5 /* Extensions.swift in Sources */,
				FE4DD59D27DDD06B0074F81E /* RecommendedTrackCollectionViewCell.swift in Sources */,
				FE4DD59927DDD0320074F81E /* NewReleaseCollectionViewCell.swift in Sources */,
				FE37009527D9D83E008F5FB5 /* AuthViewController.swift in Sources */,
				FE4DD59B27DDD0500074F81E /* FeaturedPlaylistCollectionViewCell.swift in Sources */,
				FE37007327D9D45B008F5FB5 /* AppDelegate.swift in Sources */,
				FE37009127D9D815008F5FB5 /* LibraryViewController.swift in Sources */,
				FE3700AF27D9D93A008F5FB5 /* UserProfile.swift in Sources */,
				FE37009F27D9D89D008F5FB5 /* PlaylistViewController.swift in Sources */,
				FE3700AD27D9D92C008F5FB5 /* Artist.swift in Sources */,
				FE3700B527DB98F2008F5FB5 /* SettingsModels.swift in Sources */,
				FE37007527D9D45B008F5FB5 /* SceneDelegate.swift in Sources */,
				FE37009D27D9D880008F5FB5 /* PlayerViewController.swift in Sources */,
				FE3700A127D9D8B1008F5FB5 /* SearchResultViewController.swift in Sources */,
				FE3700A527D9D8E4008F5FB5 /* APICaller.swift in Sources */,
				FEF15E3A27DCBDDE0025D2EB /* FeaturedPlaylistsResponse.swift in Sources */,
				FE37009927D9D85D008F5FB5 /* SettingsViewController.swift in Sources */,
				FEF15E3C27DCC3650025D2EB /* RecommendedGenresResponse.swift in Sources */,
			);
			runOnlyForDeploymentPostprocessing = 0;
		};
/* End PBXSourcesBuildPhase section */

/* Begin PBXVariantGroup section */
		FE37007D27D9D45C008F5FB5 /* LaunchScreen.storyboard */ = {
			isa = PBXVariantGroup;
			children = (
				FE37007E27D9D45C008F5FB5 /* Base */,
			);
			name = LaunchScreen.storyboard;
			sourceTree = "<group>";
		};
/* End PBXVariantGroup section */

/* Begin XCBuildConfiguration section */
		FE37008127D9D45C008F5FB5 /* Debug */ = {
			isa = XCBuildConfiguration;
			buildSettings = {
				ALWAYS_SEARCH_USER_PATHS = NO;
				CLANG_ANALYZER_NONNULL = YES;
				CLANG_ANALYZER_NUMBER_OBJECT_CONVERSION = YES_AGGRESSIVE;
				CLANG_CXX_LANGUAGE_STANDARD = "gnu++17";
				CLANG_CXX_LIBRARY = "libc++";
				CLANG_ENABLE_MODULES = YES;
				CLANG_ENABLE_OBJC_ARC = YES;
				CLANG_ENABLE_OBJC_WEAK = YES;
				CLANG_WARN_BLOCK_CAPTURE_AUTORELEASING = YES;
				CLANG_WARN_BOOL_CONVERSION = YES;
				CLANG_WARN_COMMA = YES;
				CLANG_WARN_CONSTANT_CONVERSION = YES;
				CLANG_WARN_DEPRECATED_OBJC_IMPLEMENTATIONS = YES;
				CLANG_WARN_DIRECT_OBJC_ISA_USAGE = YES_ERROR;
				CLANG_WARN_DOCUMENTATION_COMMENTS = YES;
				CLANG_WARN_EMPTY_BODY = YES;
				CLANG_WARN_ENUM_CONVERSION = YES;
				CLANG_WARN_INFINITE_RECURSION = YES;
				CLANG_WARN_INT_CONVERSION = YES;
				CLANG_WARN_NON_LITERAL_NULL_CONVERSION = YES;
				CLANG_WARN_OBJC_IMPLICIT_RETAIN_SELF = YES;
				CLANG_WARN_OBJC_LITERAL_CONVERSION = YES;
				CLANG_WARN_OBJC_ROOT_CLASS = YES_ERROR;
				CLANG_WARN_QUOTED_INCLUDE_IN_FRAMEWORK_HEADER = YES;
				CLANG_WARN_RANGE_LOOP_ANALYSIS = YES;
				CLANG_WARN_STRICT_PROTOTYPES = YES;
				CLANG_WARN_SUSPICIOUS_MOVE = YES;
				CLANG_WARN_UNGUARDED_AVAILABILITY = YES_AGGRESSIVE;
				CLANG_WARN_UNREACHABLE_CODE = YES;
				CLANG_WARN__DUPLICATE_METHOD_MATCH = YES;
				COPY_PHASE_STRIP = NO;
				DEBUG_INFORMATION_FORMAT = dwarf;
				ENABLE_STRICT_OBJC_MSGSEND = YES;
				ENABLE_TESTABILITY = YES;
				GCC_C_LANGUAGE_STANDARD = gnu11;
				GCC_DYNAMIC_NO_PIC = NO;
				GCC_NO_COMMON_BLOCKS = YES;
				GCC_OPTIMIZATION_LEVEL = 0;
				GCC_PREPROCESSOR_DEFINITIONS = (
					"DEBUG=1",
					"$(inherited)",
				);
				GCC_WARN_64_TO_32_BIT_CONVERSION = YES;
				GCC_WARN_ABOUT_RETURN_TYPE = YES_ERROR;
				GCC_WARN_UNDECLARED_SELECTOR = YES;
				GCC_WARN_UNINITIALIZED_AUTOS = YES_AGGRESSIVE;
				GCC_WARN_UNUSED_FUNCTION = YES;
				GCC_WARN_UNUSED_VARIABLE = YES;
				IPHONEOS_DEPLOYMENT_TARGET = 15.0;
				MTL_ENABLE_DEBUG_INFO = INCLUDE_SOURCE;
				MTL_FAST_MATH = YES;
				ONLY_ACTIVE_ARCH = YES;
				SDKROOT = iphoneos;
				SWIFT_ACTIVE_COMPILATION_CONDITIONS = DEBUG;
				SWIFT_OPTIMIZATION_LEVEL = "-Onone";
			};
			name = Debug;
		};
		FE37008227D9D45C008F5FB5 /* Release */ = {
			isa = XCBuildConfiguration;
			buildSettings = {
				ALWAYS_SEARCH_USER_PATHS = NO;
				CLANG_ANALYZER_NONNULL = YES;
				CLANG_ANALYZER_NUMBER_OBJECT_CONVERSION = YES_AGGRESSIVE;
				CLANG_CXX_LANGUAGE_STANDARD = "gnu++17";
				CLANG_CXX_LIBRARY = "libc++";
				CLANG_ENABLE_MODULES = YES;
				CLANG_ENABLE_OBJC_ARC = YES;
				CLANG_ENABLE_OBJC_WEAK = YES;
				CLANG_WARN_BLOCK_CAPTURE_AUTORELEASING = YES;
				CLANG_WARN_BOOL_CONVERSION = YES;
				CLANG_WARN_COMMA = YES;
				CLANG_WARN_CONSTANT_CONVERSION = YES;
				CLANG_WARN_DEPRECATED_OBJC_IMPLEMENTATIONS = YES;
				CLANG_WARN_DIRECT_OBJC_ISA_USAGE = YES_ERROR;
				CLANG_WARN_DOCUMENTATION_COMMENTS = YES;
				CLANG_WARN_EMPTY_BODY = YES;
				CLANG_WARN_ENUM_CONVERSION = YES;
				CLANG_WARN_INFINITE_RECURSION = YES;
				CLANG_WARN_INT_CONVERSION = YES;
				CLANG_WARN_NON_LITERAL_NULL_CONVERSION = YES;
				CLANG_WARN_OBJC_IMPLICIT_RETAIN_SELF = YES;
				CLANG_WARN_OBJC_LITERAL_CONVERSION = YES;
				CLANG_WARN_OBJC_ROOT_CLASS = YES_ERROR;
				CLANG_WARN_QUOTED_INCLUDE_IN_FRAMEWORK_HEADER = YES;
				CLANG_WARN_RANGE_LOOP_ANALYSIS = YES;
				CLANG_WARN_STRICT_PROTOTYPES = YES;
				CLANG_WARN_SUSPICIOUS_MOVE = YES;
				CLANG_WARN_UNGUARDED_AVAILABILITY = YES_AGGRESSIVE;
				CLANG_WARN_UNREACHABLE_CODE = YES;
				CLANG_WARN__DUPLICATE_METHOD_MATCH = YES;
				COPY_PHASE_STRIP = NO;
				DEBUG_INFORMATION_FORMAT = "dwarf-with-dsym";
				ENABLE_NS_ASSERTIONS = NO;
				ENABLE_STRICT_OBJC_MSGSEND = YES;
				GCC_C_LANGUAGE_STANDARD = gnu11;
				GCC_NO_COMMON_BLOCKS = YES;
				GCC_WARN_64_TO_32_BIT_CONVERSION = YES;
				GCC_WARN_ABOUT_RETURN_TYPE = YES_ERROR;
				GCC_WARN_UNDECLARED_SELECTOR = YES;
				GCC_WARN_UNINITIALIZED_AUTOS = YES_AGGRESSIVE;
				GCC_WARN_UNUSED_FUNCTION = YES;
				GCC_WARN_UNUSED_VARIABLE = YES;
				IPHONEOS_DEPLOYMENT_TARGET = 15.0;
				MTL_ENABLE_DEBUG_INFO = NO;
				MTL_FAST_MATH = YES;
				SDKROOT = iphoneos;
				SWIFT_COMPILATION_MODE = wholemodule;
				SWIFT_OPTIMIZATION_LEVEL = "-O";
				VALIDATE_PRODUCT = YES;
			};
			name = Release;
		};
		FE37008427D9D45C008F5FB5 /* Debug */ = {
			isa = XCBuildConfiguration;
			baseConfigurationReference = 4157028453085753D391B0AE /* Pods-Spotify_clone.debug.xcconfig */;
			buildSettings = {
				ASSETCATALOG_COMPILER_APPICON_NAME = AppIcon;
				ASSETCATALOG_COMPILER_GLOBAL_ACCENT_COLOR_NAME = AccentColor;
				CODE_SIGN_STYLE = Automatic;
				CURRENT_PROJECT_VERSION = 1;
				DEVELOPMENT_TEAM = YWSA3TX7T7;
				GENERATE_INFOPLIST_FILE = YES;
				INFOPLIST_FILE = Spotify_clone/Info.plist;
				INFOPLIST_KEY_UIApplicationSupportsIndirectInputEvents = YES;
				INFOPLIST_KEY_UILaunchStoryboardName = LaunchScreen;
				INFOPLIST_KEY_UISupportedInterfaceOrientations_iPad = "UIInterfaceOrientationPortrait UIInterfaceOrientationPortraitUpsideDown UIInterfaceOrientationLandscapeLeft UIInterfaceOrientationLandscapeRight";
				INFOPLIST_KEY_UISupportedInterfaceOrientations_iPhone = "UIInterfaceOrientationPortrait UIInterfaceOrientationLandscapeLeft UIInterfaceOrientationLandscapeRight";
				LD_RUNPATH_SEARCH_PATHS = (
					"$(inherited)",
					"@executable_path/Frameworks",
				);
				MARKETING_VERSION = 1.0;
				PRODUCT_BUNDLE_IDENTIFIER = "com.kobong.Spotify-clone";
				PRODUCT_NAME = "$(TARGET_NAME)";
				SWIFT_EMIT_LOC_STRINGS = YES;
				SWIFT_VERSION = 5.0;
				TARGETED_DEVICE_FAMILY = "1,2";
			};
			name = Debug;
		};
		FE37008527D9D45C008F5FB5 /* Release */ = {
			isa = XCBuildConfiguration;
			baseConfigurationReference = 4610F18FBBA37B7687FE5489 /* Pods-Spotify_clone.release.xcconfig */;
			buildSettings = {
				ASSETCATALOG_COMPILER_APPICON_NAME = AppIcon;
				ASSETCATALOG_COMPILER_GLOBAL_ACCENT_COLOR_NAME = AccentColor;
				CODE_SIGN_STYLE = Automatic;
				CURRENT_PROJECT_VERSION = 1;
				DEVELOPMENT_TEAM = YWSA3TX7T7;
				GENERATE_INFOPLIST_FILE = YES;
				INFOPLIST_FILE = Spotify_clone/Info.plist;
				INFOPLIST_KEY_UIApplicationSupportsIndirectInputEvents = YES;
				INFOPLIST_KEY_UILaunchStoryboardName = LaunchScreen;
				INFOPLIST_KEY_UISupportedInterfaceOrientations_iPad = "UIInterfaceOrientationPortrait UIInterfaceOrientationPortraitUpsideDown UIInterfaceOrientationLandscapeLeft UIInterfaceOrientationLandscapeRight";
				INFOPLIST_KEY_UISupportedInterfaceOrientations_iPhone = "UIInterfaceOrientationPortrait UIInterfaceOrientationLandscapeLeft UIInterfaceOrientationLandscapeRight";
				LD_RUNPATH_SEARCH_PATHS = (
					"$(inherited)",
					"@executable_path/Frameworks",
				);
				MARKETING_VERSION = 1.0;
				PRODUCT_BUNDLE_IDENTIFIER = "com.kobong.Spotify-clone";
				PRODUCT_NAME = "$(TARGET_NAME)";
				SWIFT_EMIT_LOC_STRINGS = YES;
				SWIFT_VERSION = 5.0;
				TARGETED_DEVICE_FAMILY = "1,2";
			};
			name = Release;
		};
/* End XCBuildConfiguration section */

/* Begin XCConfigurationList section */
		FE37006A27D9D45B008F5FB5 /* Build configuration list for PBXProject "Spotify_clone" */ = {
			isa = XCConfigurationList;
			buildConfigurations = (
				FE37008127D9D45C008F5FB5 /* Debug */,
				FE37008227D9D45C008F5FB5 /* Release */,
			);
			defaultConfigurationIsVisible = 0;
			defaultConfigurationName = Release;
		};
		FE37008327D9D45C008F5FB5 /* Build configuration list for PBXNativeTarget "Spotify_clone" */ = {
			isa = XCConfigurationList;
			buildConfigurations = (
				FE37008427D9D45C008F5FB5 /* Debug */,
				FE37008527D9D45C008F5FB5 /* Release */,
			);
			defaultConfigurationIsVisible = 0;
			defaultConfigurationName = Release;
		};
/* End XCConfigurationList section */
	};
	rootObject = FE37006727D9D45B008F5FB5 /* Project object */;
}
